
Microsoft Visual Studio Solution File, Format Version 12.00
# Visual Studio 15
VisualStudioVersion = 15.0.27004.2006
MinimumVisualStudioVersion = 10.0.40219.1
Project("{FAE04EC0-301F-11D3-BF4B-00C04F79EFBC}") = "CS-ASP_021", "CS-ASP_021\CS-ASP_021.csproj", "{F2909390-857F-42D0-8336-C56B8D1090B6}"
EndProject
Global
	GlobalSection(SolutionConfigurationPlatforms) = preSolution
		Debug|Any CPU = Debug|Any CPU
		Release|Any CPU = Release|Any CPU
	EndGlobalSection
	GlobalSection(ProjectConfigurationPlatforms) = postSolution
		{F2909390-857F-42D0-8336-C56B8D1090B6}.Debug|Any CPU.ActiveCfg = Debug|Any CPU
		{F2909390-857F-42D0-8336-C56B8D1090B6}.Debug|Any CPU.Build.0 = Debug|Any CPU
		{F2909390-857F-42D0-8336-C56B8D1090B6}.Release|Any CPU.ActiveCfg = Release|Any CPU
		{F2909390-857F-42D0-8336-C56B8D1090B6}.Release|Any CPU.Build.0 = Release|Any CPU
	EndGlobalSection
	GlobalSection(SolutionProperties) = preSolution
		HideSolutionNode = FALSE
	EndGlobalSection
	GlobalSection(ExtensibilityGlobals) = postSolution
		SolutionGuid = {547657EB-A085-47D9-849C-765070F27E1E}
	EndGlobalSection
EndGlobal
