
Microsoft Visual Studio Solution File, Format Version 12.00
# Visual Studio 15
VisualStudioVersion = 15.0.27004.2009
MinimumVisualStudioVersion = 10.0.40219.1
Project("{FAE04EC0-301F-11D3-BF4B-00C04F79EFBC}") = "CS-ASP_023", "CS-ASP_023\CS-ASP_023.csproj", "{B32E7F6C-4963-41E2-A7ED-9FEA9137C9F1}"
EndProject
Global
	GlobalSection(SolutionConfigurationPlatforms) = preSolution
		Debug|Any CPU = Debug|Any CPU
		Release|Any CPU = Release|Any CPU
	EndGlobalSection
	GlobalSection(ProjectConfigurationPlatforms) = postSolution
		{B32E7F6C-4963-41E2-A7ED-9FEA9137C9F1}.Debug|Any CPU.ActiveCfg = Debug|Any CPU
		{B32E7F6C-4963-41E2-A7ED-9FEA9137C9F1}.Debug|Any CPU.Build.0 = Debug|Any CPU
		{B32E7F6C-4963-41E2-A7ED-9FEA9137C9F1}.Release|Any CPU.ActiveCfg = Release|Any CPU
		{B32E7F6C-4963-41E2-A7ED-9FEA9137C9F1}.Release|Any CPU.Build.0 = Release|Any CPU
	EndGlobalSection
	GlobalSection(SolutionProperties) = preSolution
		HideSolutionNode = FALSE
	EndGlobalSection
	GlobalSection(ExtensibilityGlobals) = postSolution
		SolutionGuid = {380D268B-8057-4AE9-B69C-BF0918C9946B}
	EndGlobalSection
EndGlobal
